// !$*UTF8*$!
{
	archiveVersion = 1;
	classes = {
	};
	objectVersion = 50;
	objects = {

/* Begin PBXBuildFile section */
		1FA3EAA526209F6900B02D05 /* AppDelegate.swift in Sources */ = {isa = PBXBuildFile; fileRef = 1FA3EAA426209F6900B02D05 /* AppDelegate.swift */; };
		1FA3EAA726209F6900B02D05 /* SceneDelegate.swift in Sources */ = {isa = PBXBuildFile; fileRef = 1FA3EAA626209F6900B02D05 /* SceneDelegate.swift */; };
		1FA3EAA926209F6900B02D05 /* ContentView.swift in Sources */ = {isa = PBXBuildFile; fileRef = 1FA3EAA826209F6900B02D05 /* ContentView.swift */; };
		1FA3EAAC26209F6900B02D05 /* CurrentWeatherApp.xcdatamodeld in Sources */ = {isa = PBXBuildFile; fileRef = 1FA3EAAA26209F6900B02D05 /* CurrentWeatherApp.xcdatamodeld */; };
		1FA3EAAE26209F6B00B02D05 /* Assets.xcassets in Resources */ = {isa = PBXBuildFile; fileRef = 1FA3EAAD26209F6B00B02D05 /* Assets.xcassets */; };
		1FA3EAB126209F6B00B02D05 /* Preview Assets.xcassets in Resources */ = {isa = PBXBuildFile; fileRef = 1FA3EAB026209F6B00B02D05 /* Preview Assets.xcassets */; };
		1FA3EAB426209F6B00B02D05 /* LaunchScreen.storyboard in Resources */ = {isa = PBXBuildFile; fileRef = 1FA3EAB226209F6B00B02D05 /* LaunchScreen.storyboard */; };
		1FA3EAFF2620E1C600B02D05 /* SeachView.swift in Sources */ = {isa = PBXBuildFile; fileRef = 1FA3EAFE2620E1C600B02D05 /* SeachView.swift */; };
		1FA3EB042621A6C500B02D05 /* CurrentDate.swift in Sources */ = {isa = PBXBuildFile; fileRef = 1FA3EB032621A6C500B02D05 /* CurrentDate.swift */; };
		1FA3EB072621AC3000B02D05 /* RecentWheterView.swift in Sources */ = {isa = PBXBuildFile; fileRef = 1FA3EB062621AC3000B02D05 /* RecentWheterView.swift */; };
		1FA3EB0C2621C35E00B02D05 /* APImanager.swift in Sources */ = {isa = PBXBuildFile; fileRef = 1FA3EB0B2621C35E00B02D05 /* APImanager.swift */; };
		1FA3EB122621C44600B02D05 /* ErrorManager.swift in Sources */ = {isa = PBXBuildFile; fileRef = 1FA3EB112621C44600B02D05 /* ErrorManager.swift */; };
		1FA3EB1A2621CCCB00B02D05 /* APIWeatherManager.swift in Sources */ = {isa = PBXBuildFile; fileRef = 1FA3EB192621CCCB00B02D05 /* APIWeatherManager.swift */; };
/* End PBXBuildFile section */

/* Begin PBXFileReference section */
		1FA3EAA126209F6900B02D05 /* CurrentWeatherApp.app */ = {isa = PBXFileReference; explicitFileType = wrapper.application; includeInIndex = 0; path = CurrentWeatherApp.app; sourceTree = BUILT_PRODUCTS_DIR; };
		1FA3EAA426209F6900B02D05 /* AppDelegate.swift */ = {isa = PBXFileReference; lastKnownFileType = sourcecode.swift; path = AppDelegate.swift; sourceTree = "<group>"; };
		1FA3EAA626209F6900B02D05 /* SceneDelegate.swift */ = {isa = PBXFileReference; lastKnownFileType = sourcecode.swift; path = SceneDelegate.swift; sourceTree = "<group>"; };
		1FA3EAA826209F6900B02D05 /* ContentView.swift */ = {isa = PBXFileReference; lastKnownFileType = sourcecode.swift; path = ContentView.swift; sourceTree = "<group>"; };
		1FA3EAAB26209F6900B02D05 /* CurrentWeatherApp.xcdatamodel */ = {isa = PBXFileReference; lastKnownFileType = wrapper.xcdatamodel; path = CurrentWeatherApp.xcdatamodel; sourceTree = "<group>"; };
		1FA3EAAD26209F6B00B02D05 /* Assets.xcassets */ = {isa = PBXFileReference; lastKnownFileType = folder.assetcatalog; path = Assets.xcassets; sourceTree = "<group>"; };
		1FA3EAB026209F6B00B02D05 /* Preview Assets.xcassets */ = {isa = PBXFileReference; lastKnownFileType = folder.assetcatalog; path = "Preview Assets.xcassets"; sourceTree = "<group>"; };
		1FA3EAB326209F6B00B02D05 /* Base */ = {isa = PBXFileReference; lastKnownFileType = file.storyboard; name = Base; path = Base.lproj/LaunchScreen.storyboard; sourceTree = "<group>"; };
		1FA3EAB526209F6B00B02D05 /* Info.plist */ = {isa = PBXFileReference; lastKnownFileType = text.plist.xml; path = Info.plist; sourceTree = "<group>"; };
		1FA3EAFE2620E1C600B02D05 /* SeachView.swift */ = {isa = PBXFileReference; lastKnownFileType = sourcecode.swift; path = SeachView.swift; sourceTree = "<group>"; };
		1FA3EB032621A6C500B02D05 /* CurrentDate.swift */ = {isa = PBXFileReference; lastKnownFileType = sourcecode.swift; path = CurrentDate.swift; sourceTree = "<group>"; };
		1FA3EB062621AC3000B02D05 /* RecentWheterView.swift */ = {isa = PBXFileReference; lastKnownFileType = sourcecode.swift; path = RecentWheterView.swift; sourceTree = "<group>"; };
		1FA3EB0B2621C35E00B02D05 /* APImanager.swift */ = {isa = PBXFileReference; lastKnownFileType = sourcecode.swift; path = APImanager.swift; sourceTree = "<group>"; };
		1FA3EB112621C44600B02D05 /* ErrorManager.swift */ = {isa = PBXFileReference; lastKnownFileType = sourcecode.swift; path = ErrorManager.swift; sourceTree = "<group>"; };
		1FA3EB192621CCCB00B02D05 /* APIWeatherManager.swift */ = {isa = PBXFileReference; lastKnownFileType = sourcecode.swift; path = APIWeatherManager.swift; sourceTree = "<group>"; };
/* End PBXFileReference section */

/* Begin PBXFrameworksBuildPhase section */
		1FA3EA9E26209F6900B02D05 /* Frameworks */ = {
			isa = PBXFrameworksBuildPhase;
			buildActionMask = 2147483647;
			files = (
			);
			runOnlyForDeploymentPostprocessing = 0;
		};
/* End PBXFrameworksBuildPhase section */

/* Begin PBXGroup section */
		1FA3EA9826209F6900B02D05 = {
			isa = PBXGroup;
			children = (
				1FA3EAA326209F6900B02D05 /* CurrentWeatherApp */,
				1FA3EAA226209F6900B02D05 /* Products */,
			);
			sourceTree = "<group>";
		};
		1FA3EAA226209F6900B02D05 /* Products */ = {
			isa = PBXGroup;
			children = (
				1FA3EAA126209F6900B02D05 /* CurrentWeatherApp.app */,
			);
			name = Products;
			sourceTree = "<group>";
		};
		1FA3EAA326209F6900B02D05 /* CurrentWeatherApp */ = {
			isa = PBXGroup;
			children = (
				1FA3EAA426209F6900B02D05 /* AppDelegate.swift */,
				1FA3EAA626209F6900B02D05 /* SceneDelegate.swift */,
				1FA3EB0E2621C36600B02D05 /* Servises */,
				1FA3EAA826209F6900B02D05 /* ContentView.swift */,
				1FA3EAFE2620E1C600B02D05 /* SeachView.swift */,
				1FA3EB062621AC3000B02D05 /* RecentWheterView.swift */,
				1FA3EB142621C48600B02D05 /* Models */,
				1FA3EAAD26209F6B00B02D05 /* Assets.xcassets */,
				1FA3EAB226209F6B00B02D05 /* LaunchScreen.storyboard */,
				1FA3EAB526209F6B00B02D05 /* Info.plist */,
				1FA3EAAA26209F6900B02D05 /* CurrentWeatherApp.xcdatamodeld */,
				1FA3EAAF26209F6B00B02D05 /* Preview Content */,
			);
			path = CurrentWeatherApp;
			sourceTree = "<group>";
		};
		1FA3EAAF26209F6B00B02D05 /* Preview Content */ = {
			isa = PBXGroup;
			children = (
				1FA3EAB026209F6B00B02D05 /* Preview Assets.xcassets */,
			);
			path = "Preview Content";
			sourceTree = "<group>";
		};
		1FA3EB0E2621C36600B02D05 /* Servises */ = {
			isa = PBXGroup;
			children = (
				1FA3EB0B2621C35E00B02D05 /* APImanager.swift */,
				1FA3EB192621CCCB00B02D05 /* APIWeatherManager.swift */,
				1FA3EB112621C44600B02D05 /* ErrorManager.swift */,
			);
			path = Servises;
			sourceTree = "<group>";
		};
		1FA3EB142621C48600B02D05 /* Models */ = {
			isa = PBXGroup;
			children = (
				1FA3EB032621A6C500B02D05 /* CurrentDate.swift */,
			);
			path = Models;
			sourceTree = "<group>";
		};
/* End PBXGroup section */

/* Begin PBXNativeTarget section */
		1FA3EAA026209F6900B02D05 /* CurrentWeatherApp */ = {
			isa = PBXNativeTarget;
			buildConfigurationList = 1FA3EAB826209F6B00B02D05 /* Build configuration list for PBXNativeTarget "CurrentWeatherApp" */;
			buildPhases = (
				1FA3EA9D26209F6900B02D05 /* Sources */,
				1FA3EA9E26209F6900B02D05 /* Frameworks */,
				1FA3EA9F26209F6900B02D05 /* Resources */,
			);
			buildRules = (
			);
			dependencies = (
			);
			name = CurrentWeatherApp;
			productName = CurrentWeatherApp;
			productReference = 1FA3EAA126209F6900B02D05 /* CurrentWeatherApp.app */;
			productType = "com.apple.product-type.application";
		};
/* End PBXNativeTarget section */

/* Begin PBXProject section */
		1FA3EA9926209F6900B02D05 /* Project object */ = {
			isa = PBXProject;
			attributes = {
				LastSwiftUpdateCheck = 1240;
				LastUpgradeCheck = 1240;
				TargetAttributes = {
					1FA3EAA026209F6900B02D05 = {
						CreatedOnToolsVersion = 12.4;
					};
				};
			};
			buildConfigurationList = 1FA3EA9C26209F6900B02D05 /* Build configuration list for PBXProject "CurrentWeatherApp" */;
			compatibilityVersion = "Xcode 9.3";
			developmentRegion = en;
			hasScannedForEncodings = 0;
			knownRegions = (
				en,
				Base,
			);
			mainGroup = 1FA3EA9826209F6900B02D05;
			productRefGroup = 1FA3EAA226209F6900B02D05 /* Products */;
			projectDirPath = "";
			projectRoot = "";
			targets = (
				1FA3EAA026209F6900B02D05 /* CurrentWeatherApp */,
			);
		};
/* End PBXProject section */

/* Begin PBXResourcesBuildPhase section */
		1FA3EA9F26209F6900B02D05 /* Resources */ = {
			isa = PBXResourcesBuildPhase;
			buildActionMask = 2147483647;
			files = (
				1FA3EAB426209F6B00B02D05 /* LaunchScreen.storyboard in Resources */,
				1FA3EAB126209F6B00B02D05 /* Preview Assets.xcassets in Resources */,
				1FA3EAAE26209F6B00B02D05 /* Assets.xcassets in Resources */,
			);
			runOnlyForDeploymentPostprocessing = 0;
		};
/* End PBXResourcesBuildPhase section */

/* Begin PBXSourcesBuildPhase section */
		1FA3EA9D26209F6900B02D05 /* Sources */ = {
			isa = PBXSourcesBuildPhase;
			buildActionMask = 2147483647;
			files = (
				1FA3EB122621C44600B02D05 /* ErrorManager.swift in Sources */,
				1FA3EB0C2621C35E00B02D05 /* APImanager.swift in Sources */,
				1FA3EAFF2620E1C600B02D05 /* SeachView.swift in Sources */,
				1FA3EB042621A6C500B02D05 /* CurrentDate.swift in Sources */,
				1FA3EAA526209F6900B02D05 /* AppDelegate.swift in Sources */,
				1FA3EAA726209F6900B02D05 /* SceneDelegate.swift in Sources */,
				1FA3EAAC26209F6900B02D05 /* CurrentWeatherApp.xcdatamodeld in Sources */,
				1FA3EAA926209F6900B02D05 /* ContentView.swift in Sources */,
				1FA3EB072621AC3000B02D05 /* RecentWheterView.swift in Sources */,
				1FA3EB1A2621CCCB00B02D05 /* APIWeatherManager.swift in Sources */,
			);
			runOnlyForDeploymentPostprocessing = 0;
		};
/* End PBXSourcesBuildPhase section */

/* Begin PBXVariantGroup section */
		1FA3EAB226209F6B00B02D05 /* LaunchScreen.storyboard */ = {
			isa = PBXVariantGroup;
			children = (
				1FA3EAB326209F6B00B02D05 /* Base */,
			);
			name = LaunchScreen.storyboard;
			sourceTree = "<group>";
		};
/* End PBXVariantGroup section */

/* Begin XCBuildConfiguration section */
		1FA3EAB626209F6B00B02D05 /* Debug */ = {
			isa = XCBuildConfiguration;
			buildSettings = {
				ALWAYS_SEARCH_USER_PATHS = NO;
				CLANG_ANALYZER_NONNULL = YES;
				CLANG_ANALYZER_NUMBER_OBJECT_CONVERSION = YES_AGGRESSIVE;
				CLANG_CXX_LANGUAGE_STANDARD = "gnu++14";
				CLANG_CXX_LIBRARY = "libc++";
				CLANG_ENABLE_MODULES = YES;
				CLANG_ENABLE_OBJC_ARC = YES;
				CLANG_ENABLE_OBJC_WEAK = YES;
				CLANG_WARN_BLOCK_CAPTURE_AUTORELEASING = YES;
				CLANG_WARN_BOOL_CONVERSION = YES;
				CLANG_WARN_COMMA = YES;
				CLANG_WARN_CONSTANT_CONVERSION = YES;
				CLANG_WARN_DEPRECATED_OBJC_IMPLEMENTATIONS = YES;
				CLANG_WARN_DIRECT_OBJC_ISA_USAGE = YES_ERROR;
				CLANG_WARN_DOCUMENTATION_COMMENTS = YES;
				CLANG_WARN_EMPTY_BODY = YES;
				CLANG_WARN_ENUM_CONVERSION = YES;
				CLANG_WARN_INFINITE_RECURSION = YES;
				CLANG_WARN_INT_CONVERSION = YES;
				CLANG_WARN_NON_LITERAL_NULL_CONVERSION = YES;
				CLANG_WARN_OBJC_IMPLICIT_RETAIN_SELF = YES;
				CLANG_WARN_OBJC_LITERAL_CONVERSION = YES;
				CLANG_WARN_OBJC_ROOT_CLASS = YES_ERROR;
				CLANG_WARN_QUOTED_INCLUDE_IN_FRAMEWORK_HEADER = YES;
				CLANG_WARN_RANGE_LOOP_ANALYSIS = YES;
				CLANG_WARN_STRICT_PROTOTYPES = YES;
				CLANG_WARN_SUSPICIOUS_MOVE = YES;
				CLANG_WARN_UNGUARDED_AVAILABILITY = YES_AGGRESSIVE;
				CLANG_WARN_UNREACHABLE_CODE = YES;
				CLANG_WARN__DUPLICATE_METHOD_MATCH = YES;
				COPY_PHASE_STRIP = NO;
				DEBUG_INFORMATION_FORMAT = dwarf;
				ENABLE_STRICT_OBJC_MSGSEND = YES;
				ENABLE_TESTABILITY = YES;
				GCC_C_LANGUAGE_STANDARD = gnu11;
				GCC_DYNAMIC_NO_PIC = NO;
				GCC_NO_COMMON_BLOCKS = YES;
				GCC_OPTIMIZATION_LEVEL = 0;
				GCC_PREPROCESSOR_DEFINITIONS = (
					"DEBUG=1",
					"$(inherited)",
				);
				GCC_WARN_64_TO_32_BIT_CONVERSION = YES;
				GCC_WARN_ABOUT_RETURN_TYPE = YES_ERROR;
				GCC_WARN_UNDECLARED_SELECTOR = YES;
				GCC_WARN_UNINITIALIZED_AUTOS = YES_AGGRESSIVE;
				GCC_WARN_UNUSED_FUNCTION = YES;
				GCC_WARN_UNUSED_VARIABLE = YES;
				IPHONEOS_DEPLOYMENT_TARGET = 14.4;
				MTL_ENABLE_DEBUG_INFO = INCLUDE_SOURCE;
				MTL_FAST_MATH = YES;
				ONLY_ACTIVE_ARCH = YES;
				SDKROOT = iphoneos;
				SWIFT_ACTIVE_COMPILATION_CONDITIONS = DEBUG;
				SWIFT_OPTIMIZATION_LEVEL = "-Onone";
			};
			name = Debug;
		};
		1FA3EAB726209F6B00B02D05 /* Release */ = {
			isa = XCBuildConfiguration;
			buildSettings = {
				ALWAYS_SEARCH_USER_PATHS = NO;
				CLANG_ANALYZER_NONNULL = YES;
				CLANG_ANALYZER_NUMBER_OBJECT_CONVERSION = YES_AGGRESSIVE;
				CLANG_CXX_LANGUAGE_STANDARD = "gnu++14";
				CLANG_CXX_LIBRARY = "libc++";
				CLANG_ENABLE_MODULES = YES;
				CLANG_ENABLE_OBJC_ARC = YES;
				CLANG_ENABLE_OBJC_WEAK = YES;
				CLANG_WARN_BLOCK_CAPTURE_AUTORELEASING = YES;
				CLANG_WARN_BOOL_CONVERSION = YES;
				CLANG_WARN_COMMA = YES;
				CLANG_WARN_CONSTANT_CONVERSION = YES;
				CLANG_WARN_DEPRECATED_OBJC_IMPLEMENTATIONS = YES;
				CLANG_WARN_DIRECT_OBJC_ISA_USAGE = YES_ERROR;
				CLANG_WARN_DOCUMENTATION_COMMENTS = YES;
				CLANG_WARN_EMPTY_BODY = YES;
				CLANG_WARN_ENUM_CONVERSION = YES;
				CLANG_WARN_INFINITE_RECURSION = YES;
				CLANG_WARN_INT_CONVERSION = YES;
				CLANG_WARN_NON_LITERAL_NULL_CONVERSION = YES;
				CLANG_WARN_OBJC_IMPLICIT_RETAIN_SELF = YES;
				CLANG_WARN_OBJC_LITERAL_CONVERSION = YES;
				CLANG_WARN_OBJC_ROOT_CLASS = YES_ERROR;
				CLANG_WARN_QUOTED_INCLUDE_IN_FRAMEWORK_HEADER = YES;
				CLANG_WARN_RANGE_LOOP_ANALYSIS = YES;
				CLANG_WARN_STRICT_PROTOTYPES = YES;
				CLANG_WARN_SUSPICIOUS_MOVE = YES;
				CLANG_WARN_UNGUARDED_AVAILABILITY = YES_AGGRESSIVE;
				CLANG_WARN_UNREACHABLE_CODE = YES;
				CLANG_WARN__DUPLICATE_METHOD_MATCH = YES;
				COPY_PHASE_STRIP = NO;
				DEBUG_INFORMATION_FORMAT = "dwarf-with-dsym";
				ENABLE_NS_ASSERTIONS = NO;
				ENABLE_STRICT_OBJC_MSGSEND = YES;
				GCC_C_LANGUAGE_STANDARD = gnu11;
				GCC_NO_COMMON_BLOCKS = YES;
				GCC_WARN_64_TO_32_BIT_CONVERSION = YES;
				GCC_WARN_ABOUT_RETURN_TYPE = YES_ERROR;
				GCC_WARN_UNDECLARED_SELECTOR = YES;
				GCC_WARN_UNINITIALIZED_AUTOS = YES_AGGRESSIVE;
				GCC_WARN_UNUSED_FUNCTION = YES;
				GCC_WARN_UNUSED_VARIABLE = YES;
				IPHONEOS_DEPLOYMENT_TARGET = 14.4;
				MTL_ENABLE_DEBUG_INFO = NO;
				MTL_FAST_MATH = YES;
				SDKROOT = iphoneos;
				SWIFT_COMPILATION_MODE = wholemodule;
				SWIFT_OPTIMIZATION_LEVEL = "-O";
				VALIDATE_PRODUCT = YES;
			};
			name = Release;
		};
		1FA3EAB926209F6B00B02D05 /* Debug */ = {
			isa = XCBuildConfiguration;
			buildSettings = {
				ASSETCATALOG_COMPILER_APPICON_NAME = AppIcon;
				ASSETCATALOG_COMPILER_GLOBAL_ACCENT_COLOR_NAME = AccentColor;
				CODE_SIGN_STYLE = Automatic;
				DEVELOPMENT_ASSET_PATHS = "\"CurrentWeatherApp/Preview Content\"";
				DEVELOPMENT_TEAM = 4V2Z42C6DZ;
				ENABLE_PREVIEWS = YES;
				INFOPLIST_FILE = CurrentWeatherApp/Info.plist;
				LD_RUNPATH_SEARCH_PATHS = (
					"$(inherited)",
					"@executable_path/Frameworks",
				);
				PRODUCT_BUNDLE_IDENTIFIER = Diumin.CurrentWeatherApp;
				PRODUCT_NAME = "$(TARGET_NAME)";
				SWIFT_VERSION = 5.0;
				TARGETED_DEVICE_FAMILY = "1,2";
			};
			name = Debug;
		};
		1FA3EABA26209F6B00B02D05 /* Release */ = {
			isa = XCBuildConfiguration;
			buildSettings = {
				ASSETCATALOG_COMPILER_APPICON_NAME = AppIcon;
				ASSETCATALOG_COMPILER_GLOBAL_ACCENT_COLOR_NAME = AccentColor;
				CODE_SIGN_STYLE = Automatic;
				DEVELOPMENT_ASSET_PATHS = "\"CurrentWeatherApp/Preview Content\"";
				DEVELOPMENT_TEAM = 4V2Z42C6DZ;
				ENABLE_PREVIEWS = YES;
				INFOPLIST_FILE = CurrentWeatherApp/Info.plist;
				LD_RUNPATH_SEARCH_PATHS = (
					"$(inherited)",
					"@executable_path/Frameworks",
				);
				PRODUCT_BUNDLE_IDENTIFIER = Diumin.CurrentWeatherApp;
				PRODUCT_NAME = "$(TARGET_NAME)";
				SWIFT_VERSION = 5.0;
				TARGETED_DEVICE_FAMILY = "1,2";
			};
			name = Release;
		};
/* End XCBuildConfiguration section */

/* Begin XCConfigurationList section */
		1FA3EA9C26209F6900B02D05 /* Build configuration list for PBXProject "CurrentWeatherApp" */ = {
			isa = XCConfigurationList;
			buildConfigurations = (
				1FA3EAB626209F6B00B02D05 /* Debug */,
				1FA3EAB726209F6B00B02D05 /* Release */,
			);
			defaultConfigurationIsVisible = 0;
			defaultConfigurationName = Release;
		};
		1FA3EAB826209F6B00B02D05 /* Build configuration list for PBXNativeTarget "CurrentWeatherApp" */ = {
			isa = XCConfigurationList;
			buildConfigurations = (
				1FA3EAB926209F6B00B02D05 /* Debug */,
				1FA3EABA26209F6B00B02D05 /* Release */,
			);
			defaultConfigurationIsVisible = 0;
			defaultConfigurationName = Release;
		};
/* End XCConfigurationList section */

/* Begin XCVersionGroup section */
		1FA3EAAA26209F6900B02D05 /* CurrentWeatherApp.xcdatamodeld */ = {
			isa = XCVersionGroup;
			children = (
				1FA3EAAB26209F6900B02D05 /* CurrentWeatherApp.xcdatamodel */,
			);
			currentVersion = 1FA3EAAB26209F6900B02D05 /* CurrentWeatherApp.xcdatamodel */;
			path = CurrentWeatherApp.xcdatamodeld;
			sourceTree = "<group>";
			versionGroupType = wrapper.xcdatamodel;
		};
/* End XCVersionGroup section */
	};
	rootObject = 1FA3EA9926209F6900B02D05 /* Project object */;
}
